github.com/NYTimes/gziphandler v1.1.1 h1:ZUDjpQae29j0ryrS0u/B8HZfJBtBQHjqw2rQ2cqUQ3I=
github.com/NYTimes/gziphandler v1.1.1/go.mod h1:n/CVRwUEOgIxrgPvAQhUUr9oeUtvrhMomdKFjzJNB0c=
github.com/davecgh/go-spew v1.1.0 h1:ZDRjVQ15GmhC3fiQ8ni8+OwkZQO4DARzQgrnXU1Liz8=
github.com/davecgh/go-spew v1.1.0/go.mod h1:J7Y8YcW2NihsgmVo/mv3lAwl/skON4iLHjSsI+c5H38=
github.com/mwat56/apachelogger v1.5.0 h1:CVcbMQ1MSWwGoKbliu7dc4Ysp71mYeg4b/acJBHQo/0=
github.com/mwat56/apachelogger v1.5.0/go.mod h1:LuMqFj0QkyaN01qlqYt5qnwb2r8yYEcyfBbbhcJKFZ4=
github.com/mwat56/cssfs v0.2.5 h1:+kIw2B1dl0334d8yPsmaYGy1n7IEERwrz+Nym4EET7o=
github.com/mwat56/cssfs v0.2.5/go.mod h1:5+bUfTWjvDTI2hDKRPlANGUuNAdd4FC6ndTvarF+bY4=
github.com/mwat56/errorhandler v1.1.7 h1:Abyd1s3HbiXf/PA/kNq7Stbfs7fRK130h8bRphklmg8=
github.com/mwat56/errorhandler v1.1.7/go.mod h1:Cm2shh7ECbjtxv68hb2QZ1XIRpVSW0Pkr4QzFyRVqfY=
github.com/mwat56/hashtags v0.5.4 h1:z+JUAIgUICeOJKG0laWtJsOW8TYQQoEbTjwo279LoPA=
github.com/mwat56/hashtags v0.5.4/go.mod h1:ZchRkwIrJc0a+0tstLgNSfy7sE0WNugDtRc5JYQ97Rk=
github.com/mwat56/ini v1.5.1 h1:Vgo6q/MtbHbwCs9bixNgTwQYwtxT72HIfxt68xuqJec=
github.com/mwat56/ini v1.5.1/go.mod h1:u1PjZd14u7YLNLT0RBXMzZm1+SNftaa2aNz2YZ4L/vQ=
github.com/mwat56/jffs v0.1.2 h1:OwGAb/OLZTJ2bhtmhASk9bwqH2URPjNSXBuRK2g/gZc=
github.com/mwat56/jffs v0.1.2/go.mod h1:r1sgz0obNuFFbw8Fxclp8zwIgHMBypX1p3VmMUeN2EU=
github.com/mwat56/pageview v0.4.5 h1:ZAjV0XCRBMJCIvokHghz2by+1K7Tr3noko5yLGzBChw=
github.com/mwat56/pageview v0.4.5/go.mod h1:URsLMRE0ZiVG1krQ7YWydqNzrl0y6YJbq2kr/Rgh+Bc=
github.com/mwat56/passlist v1.3.4 h1:mFlQoOxO5GUDONRqJVPfUH2nS1t4WciTEG7HCYjYoec=
github.com/mwat56/passlist v1.3.4/go.mod h1:+6DGb/o5gnl9qivpLCVaPX3iZ4rDseATV75trijy62A=
github.com/mwat56/uploadhandler v1.1.5 h1:xa1+LcfBzT6VnC3m3b2vLj/37eZGnzteQYUwyZ3ylVk=
github.com/mwat56/uploadhandler v1.1.5/go.mod h1:FSlZnnrd3Yzfd6zfP7hXp99xEVcfQtGjmOdJIujBA9U=
github.com/mwat56/whitespace v0.2.2 h1:ETM8N9Ye53celY6A7INGhpqGJ04HHt2pNX1+jnfpv2A=
github.com/mwat56/whitespace v0.2.2/go.mod h1:Q52fzkvhsBUQjMldfyPGu94JGhj2PN+RnXCQFZxkJtE=
github.com/pmezard/go-difflib v1.0.0 h1:4DBwDE0NGyQoBHbLQYPwSUPoCMWR5BEzIk/f1lZbAQM=
github.com/pmezard/go-difflib v1.0.0/go.mod h1:iKH77koFhYxTK1pcRnkKkqfTogsbg7gZNVY4sRDYZ/4=
github.com/russross/blackfriday/v2 v2.1.0 h1:JIOH55/0cWyOuilr9/qlrm0BSXldqnqwMsf35Ld67mk=
github.com/russross/blackfriday/v2 v2.1.0/go.mod h1:+Rmxgy9KzJVeS9/2gXHxylqXiyQDYRxCVz55jmeOWTM=
github.com/stretchr/objx v0.1.0/go.mod h1:HFkY916IF+rwdDfMAkV7OtwuqBVzrE8GR6GFx+wExME=
github.com/stretchr/testify v1.3.0 h1:TivCn/peBQ7UY8ooIcPgZFpTNSz0Q2U6UrFlUfqbe0Q=
github.com/stretchr/testify v1.3.0/go.mod h1:M5WIy9Dh21IEIfnGCwXGc5bZfKNJtfHm1UVUgZn+9EI=
golang.org/x/crypto v0.0.0-20190308221718-c2843e01d9a2/go.mod h1:djNgcEr1/C05ACkg1iLfiJU5Ep61QUkGW8qpdssI0+w=
golang.org/x/crypto v0.0.0-20200728195943-123391ffb6de h1:ikNHVSjEfnvz6sxdSPCaPt572qowuyMDMJLLm3Db3ig=
golang.org/x/crypto v0.0.0-20200728195943-123391ffb6de/go.mod h1:LzIPMQfyMNhhGPhUkYOs5KpL4U8rLKemX1yGLhDgUto=
golang.org/x/crypto v0.0.0-20201208171446-5f87f3452ae9 h1:sYNJzB4J8toYPQTM6pAkcmBRgw9SnQKP9oXCHfgy604=
golang.org/x/crypto v0.0.0-20201208171446-5f87f3452ae9/go.mod h1:jdWPYTVW3xRLrWPugEBEK3UY2ZEsg3UU495nc5E+M+I=
golang.org/x/net v0.0.0-20190404232315-eb5bcb51f2a3/go.mod h1:t9HGtf8HONx5eT2rtn7q6eTqICYqUVnKs3thJo3Qplg=
golang.org/x/sys v0.0.0-20190215142949-d0b11bdaac8a/go.mod h1:STP8DvDyc/dI5b8T5hshtkjS+E42TnysNCUPdjciGhY=
golang.org/x/sys v0.0.0-20190412213103-97732733099d/go.mod h1:h1NjWce9XRLGQEsW7wpKNCjG9DtNlClVuFLEZdDNbEs=
golang.org/x/sys v0.0.0-20191026070338-33540a1f6037/go.mod h1:h1NjWce9XRLGQEsW7wpKNCjG9DtNlClVuFLEZdDNbEs=
golang.org/x/sys v0.0.0-20200802091954-4b90ce9b60b3 h1:qDJKu1y/1SjhWac4BQZjLljqvqiWUhjmDMnonmVGDAU=
golang.org/x/sys v0.0.0-20200802091954-4b90ce9b60b3/go.mod h1:h1NjWce9XRLGQEsW7wpKNCjG9DtNlClVuFLEZdDNbEs=
golang.org/x/sys v0.0.0-20201119102817-f84b799fce68/go.mod h1:h1NjWce9XRLGQEsW7wpKNCjG9DtNlClVuFLEZdDNbEs=
golang.org/x/sys v0.0.0-20201207223542-d4d67f95c62d h1:MiWWjyhUzZ+jvhZvloX6ZrUsdEghn8a64Upd8EMHglE=
golang.org/x/sys v0.0.0-20201207223542-d4d67f95c62d/go.mod h1:h1NjWce9XRLGQEsW7wpKNCjG9DtNlClVuFLEZdDNbEs=
golang.org/x/term v0.0.0-20201117132131-f5c789dd3221 h1:/ZHdbVpdR/jk3g30/d4yUL0JU9kksj8+F/bnQUVLGDM=
golang.org/x/term v0.0.0-20201117132131-f5c789dd3221/go.mod h1:Nr5EML6q2oocZ2LXRh80K7BxOlk5/8JxuGnuhpl+muw=
golang.org/x/term v0.0.0-20201207232118-ee85cb95a76b h1:a0ErnNnPKmhDyIXQvdZr+Lq8dc8xpMeqkF8y5PgQU4Q=
golang.org/x/term v0.0.0-20201207232118-ee85cb95a76b/go.mod h1:bj7SfCRtBDWHUb9snDiAeCFNEtKQo2Wmx5Cou7ajbmo=
golang.org/x/text v0.3.0/go.mod h1:NqM8EUOU14njkJ3fqMW+pc6Ldnwhi/IjpwHt7yyuwOQ=
