github.com/mwat56/apachelogger v1.1.1 h1:qQSCPN59dmvzZwW1q8GU/w2EYRPNFjK+Ci1/CUDOF4k=
github.com/mwat56/apachelogger v1.1.1/go.mod h1:45zInWy72WRwZCCl0dphgXIHjlzR3qQvxsXEZoMatFQ=
github.com/mwat56/errorhandler v1.0.2 h1:mlvQaV6A40YAnu6uTBxfdAuXWqLuuvdS5sPkoH+5dFo=
github.com/mwat56/errorhandler v1.0.2/go.mod h1:NFz8HNMovjavnhZLyJOR/muQJnrLl1jHbkHp2lbz+/o=
github.com/mwat56/hashtags v0.4.3 h1:1D96mNARkt3/oSqWURE0pgitwamaoVGC6M3mhgv68nE=
github.com/mwat56/hashtags v0.4.3/go.mod h1:6Vp4cgRQRE7advIVbl/33WH37UlnjNmzNFMDitzMjbw=
github.com/mwat56/ini v1.3.0 h1:Cy0MSGAdjHLG8LcJLjoVUiSP5/esLlKvZUGKWKM/EpQ=
github.com/mwat56/ini v1.3.0/go.mod h1:8o0vuCi7Vq9rKy5JRuPN5HLMcKMB58mqhc/fYhVmpWo=
github.com/mwat56/passlist v1.0.1 h1:K5zhIsOBWb7FgfN9yNiMz6Kr3rT/7699p075CrfMvBo=
github.com/mwat56/passlist v1.0.1/go.mod h1:m4H2fg/m7UqRTqHcpzJAmDEsNmKXsbgPFTIlghrBKfs=
github.com/mwat56/uploadhandler v1.0.0 h1:+cE4fkPi7VWBpxlhoG4OBr8sfip3HIc0nqFyoMAYrVc=
github.com/mwat56/uploadhandler v1.0.0/go.mod h1:Y7CKfR2UFqH+a9rmJiqFkr5MrKfcv7rNu0cdcEjOqGc=
github.com/pmezard/go-difflib v1.0.0/go.mod h1:iKH77koFhYxTK1pcRnkKkqfTogsbg7gZNVY4sRDYZ/4=
github.com/russross/blackfriday/v2 v2.0.1 h1:lPqVAte+HuHNfhJ/0LC98ESWRz8afy9tM/0RK8m9o+Q=
github.com/russross/blackfriday/v2 v2.0.1/go.mod h1:+Rmxgy9KzJVeS9/2gXHxylqXiyQDYRxCVz55jmeOWTM=
github.com/shurcooL/sanitized_anchor_name v1.0.0 h1:PdmoCO6wvbs+7yrJyMORt4/BmY5IYyJwS/kOiWx8mHo=
github.com/shurcooL/sanitized_anchor_name v1.0.0/go.mod h1:1NzhyTcUVG4SuEtjjoZeVRXNmyL/1OwPU0+IJeTBvfc=
golang.org/x/crypto v0.0.0-20190308221718-c2843e01d9a2/go.mod h1:djNgcEr1/C05ACkg1iLfiJU5Ep61QUkGW8qpdssI0+w=
golang.org/x/crypto v0.0.0-20190506204251-e1dfcc566284/go.mod h1:yigFU9vqHzYiE8UmvKecakEJjdnWj3jj499lnFckfCI=
golang.org/x/crypto v0.0.0-20190510104115-cbcb75029529 h1:iMGN4xG0cnqj3t+zOM8wUB0BiPKHEwSxEZCvzcbZuvk=
golang.org/x/crypto v0.0.0-20190510104115-cbcb75029529/go.mod h1:yigFU9vqHzYiE8UmvKecakEJjdnWj3jj499lnFckfCI=
golang.org/x/net v0.0.0-20190311183353-d8887717615a/go.mod h1:t9HGtf8HONx5eT2rtn7q6eTqICYqUVnKs3thJo3Qplg=
golang.org/x/net v0.0.0-20190404232315-eb5bcb51f2a3/go.mod h1:t9HGtf8HONx5eT2rtn7q6eTqICYqUVnKs3thJo3Qplg=
golang.org/x/net v0.0.0-20190503192946-f4e77d36d62c/go.mod h1:t9HGtf8HONx5eT2rtn7q6eTqICYqUVnKs3thJo3Qplg=
golang.org/x/net v0.0.0-20190509222800-a4d6f7feada5/go.mod h1:t9HGtf8HONx5eT2rtn7q6eTqICYqUVnKs3thJo3Qplg=
golang.org/x/sync v0.0.0-20190423024810-112230192c58/go.mod h1:RxMgew5VJxzue5/jJTE5uejpjVlOe/izrB70Jof72aM=
golang.org/x/sys v0.0.0-20190215142949-d0b11bdaac8a/go.mod h1:STP8DvDyc/dI5b8T5hshtkjS+E42TnysNCUPdjciGhY=
golang.org/x/sys v0.0.0-20190412213103-97732733099d/go.mod h1:h1NjWce9XRLGQEsW7wpKNCjG9DtNlClVuFLEZdDNbEs=
golang.org/x/sys v0.0.0-20190508100423-12bbe5a7a520/go.mod h1:h1NjWce9XRLGQEsW7wpKNCjG9DtNlClVuFLEZdDNbEs=
golang.org/x/sys v0.0.0-20190509141414-a5b02f93d862 h1:rM0ROo5vb9AdYJi1110yjWGMej9ITfKddS89P3Fkhug=
golang.org/x/sys v0.0.0-20190509141414-a5b02f93d862/go.mod h1:h1NjWce9XRLGQEsW7wpKNCjG9DtNlClVuFLEZdDNbEs=
golang.org/x/text v0.3.0/go.mod h1:NqM8EUOU14njkJ3fqMW+pc6Ldnwhi/IjpwHt7yyuwOQ=
golang.org/x/text v0.3.2/go.mod h1:bEr9sfX3Q8Zfm5fL9x+3itogRgK3+ptLWKqgva+5dAk=
golang.org/x/tools v0.0.0-20180917221912-90fa682c2a6e/go.mod h1:n7NCudcB/nEzxVGmLbDWY5pfWTLqBcC2KZ6jyYvM4mQ=
golang.org/x/tools v0.0.0-20190508025753-952990169864/go.mod h1:RgjU9mgBXZiqYHBnxXauZ1Gv1EHHAz9KjViQ78xBX0Q=
golang.org/x/tools v0.0.0-20190511041617-99f201b6807e/go.mod h1:RgjU9mgBXZiqYHBnxXauZ1Gv1EHHAz9KjViQ78xBX0Q=
