github.com/NYTimes/gziphandler v1.1.1 h1:ZUDjpQae29j0ryrS0u/B8HZfJBtBQHjqw2rQ2cqUQ3I=
github.com/NYTimes/gziphandler v1.1.1/go.mod h1:n/CVRwUEOgIxrgPvAQhUUr9oeUtvrhMomdKFjzJNB0c=
github.com/davecgh/go-spew v1.1.0 h1:ZDRjVQ15GmhC3fiQ8ni8+OwkZQO4DARzQgrnXU1Liz8=
github.com/davecgh/go-spew v1.1.0/go.mod h1:J7Y8YcW2NihsgmVo/mv3lAwl/skON4iLHjSsI+c5H38=
github.com/mwat56/apachelogger v1.6.0 h1:LfM9PZcLUcbwKkSTBWRQoJotL1Gz3Tmf9ufvGftqCHs=
github.com/mwat56/apachelogger v1.6.0/go.mod h1:gl5cyiHzd8OhZHW1nb7VSUnPVu0e7CjusGeHbeJYt2w=
github.com/mwat56/cssfs v0.2.5 h1:+kIw2B1dl0334d8yPsmaYGy1n7IEERwrz+Nym4EET7o=
github.com/mwat56/cssfs v0.2.5/go.mod h1:5+bUfTWjvDTI2hDKRPlANGUuNAdd4FC6ndTvarF+bY4=
github.com/mwat56/errorhandler v1.1.8 h1:VfP41t6YRMo0BImVvBW2/QJc2VgcHT/Hqhgx9Z8c6gQ=
github.com/mwat56/errorhandler v1.1.8/go.mod h1:eCShZaKy6kdRbPnliYU5xHMrEtmGfnAzg/KpqW8tuMo=
github.com/mwat56/hashtags v0.6.0 h1:1Hgr/bBOF6vg/FQMSKs1v1a7+7fyA54JNUPhfQlKhKo=
github.com/mwat56/hashtags v0.6.0/go.mod h1:3V4T6Y2Q+EsOo5M11I3GyaSFw73zAnvo30Md/TN9gZg=
github.com/mwat56/ini v1.5.1 h1:Vgo6q/MtbHbwCs9bixNgTwQYwtxT72HIfxt68xuqJec=
github.com/mwat56/ini v1.5.1/go.mod h1:u1PjZd14u7YLNLT0RBXMzZm1+SNftaa2aNz2YZ4L/vQ=
github.com/mwat56/jffs v0.1.2 h1:OwGAb/OLZTJ2bhtmhASk9bwqH2URPjNSXBuRK2g/gZc=
github.com/mwat56/jffs v0.1.2/go.mod h1:r1sgz0obNuFFbw8Fxclp8zwIgHMBypX1p3VmMUeN2EU=
github.com/mwat56/pageview v0.4.5 h1:ZAjV0XCRBMJCIvokHghz2by+1K7Tr3noko5yLGzBChw=
github.com/mwat56/pageview v0.4.5/go.mod h1:URsLMRE0ZiVG1krQ7YWydqNzrl0y6YJbq2kr/Rgh+Bc=
github.com/mwat56/passlist v1.3.5 h1:SCpc+omWDvYRgH/q2zGrE6u74MYLIQvZXDuOYPigJc8=
github.com/mwat56/passlist v1.3.5/go.mod h1:ihvqQ0yb0CWp5Y/an5Bj9z4oj6bQ3+ZgcBvRMOjLsgA=
github.com/mwat56/uploadhandler v1.1.6 h1:102fCCmpgTXhTyokTAG8Qth6X8i8wM2PsNoP5zbZZCc=
github.com/mwat56/uploadhandler v1.1.6/go.mod h1:h/374s+6IZXAACgE9E6XhnfRChDAGb3zcFAIFIE5mtE=
github.com/mwat56/whitespace v0.2.2 h1:ETM8N9Ye53celY6A7INGhpqGJ04HHt2pNX1+jnfpv2A=
github.com/mwat56/whitespace v0.2.2/go.mod h1:Q52fzkvhsBUQjMldfyPGu94JGhj2PN+RnXCQFZxkJtE=
github.com/pmezard/go-difflib v1.0.0 h1:4DBwDE0NGyQoBHbLQYPwSUPoCMWR5BEzIk/f1lZbAQM=
github.com/pmezard/go-difflib v1.0.0/go.mod h1:iKH77koFhYxTK1pcRnkKkqfTogsbg7gZNVY4sRDYZ/4=
github.com/russross/blackfriday/v2 v2.1.0 h1:JIOH55/0cWyOuilr9/qlrm0BSXldqnqwMsf35Ld67mk=
github.com/russross/blackfriday/v2 v2.1.0/go.mod h1:+Rmxgy9KzJVeS9/2gXHxylqXiyQDYRxCVz55jmeOWTM=
github.com/stretchr/objx v0.1.0/go.mod h1:HFkY916IF+rwdDfMAkV7OtwuqBVzrE8GR6GFx+wExME=
github.com/stretchr/testify v1.3.0 h1:TivCn/peBQ7UY8ooIcPgZFpTNSz0Q2U6UrFlUfqbe0Q=
github.com/stretchr/testify v1.3.0/go.mod h1:M5WIy9Dh21IEIfnGCwXGc5bZfKNJtfHm1UVUgZn+9EI=
golang.org/x/crypto v0.0.0-20210317152858-513c2a44f670/go.mod h1:T9bdIzuCu7OtxOm1hfPfRQxPLYneinmdGuTeoZ9dtd4=
golang.org/x/crypto v0.0.0-20210415154028-4f45737414dc h1:+q90ECDSAQirdykUN6sPEiBXBsp8Csjcca8Oy7bgLTA=
golang.org/x/crypto v0.0.0-20210415154028-4f45737414dc/go.mod h1:T9bdIzuCu7OtxOm1hfPfRQxPLYneinmdGuTeoZ9dtd4=
golang.org/x/net v0.0.0-20210226172049-e18ecbb05110/go.mod h1:m0MpNAwzfU5UDzcl9v0D8zg8gWTRqZa9RBIspLL5mdg=
golang.org/x/sys v0.0.0-20201119102817-f84b799fce68/go.mod h1:h1NjWce9XRLGQEsW7wpKNCjG9DtNlClVuFLEZdDNbEs=
golang.org/x/sys v0.0.0-20210320140829-1e4c9ba3b0c4/go.mod h1:h1NjWce9XRLGQEsW7wpKNCjG9DtNlClVuFLEZdDNbEs=
golang.org/x/sys v0.1.0 h1:kunALQeHf1/185U1i0GOB/fy1IPRDDpuoOOqRReG57U=
golang.org/x/sys v0.1.0/go.mod h1:oPkhp1MJrh7nUepCBck5+mAzfO9JrbApNNgaTdGDITg=
golang.org/x/term v0.0.0-20201126162022-7de9c90e9dd1/go.mod h1:bj7SfCRtBDWHUb9snDiAeCFNEtKQo2Wmx5Cou7ajbmo=
golang.org/x/term v0.0.0-20210317153231-de623e64d2a6/go.mod h1:bj7SfCRtBDWHUb9snDiAeCFNEtKQo2Wmx5Cou7ajbmo=
golang.org/x/term v0.0.0-20210406210042-72f3dc4e9b72 h1:VqE9gduFZ4dbR7XoL77lHFp0/DyDUBKSXK7CMFkVcV0=
golang.org/x/term v0.0.0-20210406210042-72f3dc4e9b72/go.mod h1:bj7SfCRtBDWHUb9snDiAeCFNEtKQo2Wmx5Cou7ajbmo=
golang.org/x/text v0.3.3/go.mod h1:5Zoc/QRtKVWzQhOtBMvqHzDpF6irO9z98xDceosuGiQ=
golang.org/x/tools v0.0.0-20180917221912-90fa682c2a6e/go.mod h1:n7NCudcB/nEzxVGmLbDWY5pfWTLqBcC2KZ6jyYvM4mQ=
